
Microsoft Visual Studio Solution File, Format Version 12.00
# Visual Studio Version 17
VisualStudioVersion = 17.1.32210.238
MinimumVisualStudioVersion = 10.0.40219.1
Project("{FAE04EC0-301F-11D3-BF4B-00C04F79EFBC}") = "ConsoleApp1", "ConsoleApp1.csproj", "{05F6FB98-9BC8-4C21-A245-8741B56181DC}"
EndProject
Global
	GlobalSection(SolutionConfigurationPlatforms) = preSolution
		Debug|Any CPU = Debug|Any CPU
		Release|Any CPU = Release|Any CPU
	EndGlobalSection
	GlobalSection(ProjectConfigurationPlatforms) = postSolution
		{05F6FB98-9BC8-4C21-A245-8741B56181DC}.Debug|Any CPU.ActiveCfg = Debug|Any CPU
		{05F6FB98-9BC8-4C21-A245-8741B56181DC}.Debug|Any CPU.Build.0 = Debug|Any CPU
		{05F6FB98-9BC8-4C21-A245-8741B56181DC}.Release|Any CPU.ActiveCfg = Release|Any CPU
		{05F6FB98-9BC8-4C21-A245-8741B56181DC}.Release|Any CPU.Build.0 = Release|Any CPU
	EndGlobalSection
	GlobalSection(SolutionProperties) = preSolution
		HideSolutionNode = FALSE
	EndGlobalSection
	GlobalSection(ExtensibilityGlobals) = postSolution
		SolutionGuid = {F09E2CAB-9224-41A2-BC02-744C304762DC}
	EndGlobalSection
EndGlobal
